
Microsoft Visual Studio Solution File, Format Version 12.00
# Visual Studio 14
VisualStudioVersion = 14.0.25420.1
MinimumVisualStudioVersion = 10.0.40219.1
Project("{FAE04EC0-301F-11D3-BF4B-00C04F79EFBC}") = "FredroClient", "FredroClient\FredroClient.csproj", "{567987CB-35DB-4385-B6DB-3BEB4D5C0340}"
EndProject
Global
	GlobalSection(SolutionConfigurationPlatforms) = preSolution
		Debug|Any CPU = Debug|Any CPU
		Debug|Mixed Platforms = Debug|Mixed Platforms
		Debug|x64 = Debug|x64
		Debug|x86 = Debug|x86
		Essentuki|Any CPU = Essentuki|Any CPU
		Essentuki|Mixed Platforms = Essentuki|Mixed Platforms
		Essentuki|x64 = Essentuki|x64
		Essentuki|x86 = Essentuki|x86
		GB03|Any CPU = GB03|Any CPU
		GB03|Mixed Platforms = GB03|Mixed Platforms
		GB03|x64 = GB03|x64
		GB03|x86 = GB03|x86
		GB04|Any CPU = GB04|Any CPU
		GB04|Mixed Platforms = GB04|Mixed Platforms
		GB04|x64 = GB04|x64
		GB04|x86 = GB04|x86
		GB06|Any CPU = GB06|Any CPU
		GB06|Mixed Platforms = GB06|Mixed Platforms
		GB06|x64 = GB06|x64
		GB06|x86 = GB06|x86
		GB23|Any CPU = GB23|Any CPU
		GB23|Mixed Platforms = GB23|Mixed Platforms
		GB23|x64 = GB23|x64
		GB23|x86 = GB23|x86
		GB33|Any CPU = GB33|Any CPU
		GB33|Mixed Platforms = GB33|Mixed Platforms
		GB33|x64 = GB33|x64
		GB33|x86 = GB33|x86
		GB36|Any CPU = GB36|Any CPU
		GB36|Mixed Platforms = GB36|Mixed Platforms
		GB36|x64 = GB36|x64
		GB36|x86 = GB36|x86
		GB36DEMO|Any CPU = GB36DEMO|Any CPU
		GB36DEMO|Mixed Platforms = GB36DEMO|Mixed Platforms
		GB36DEMO|x64 = GB36DEMO|x64
		GB36DEMO|x86 = GB36DEMO|x86
		Jenkins|Any CPU = Jenkins|Any CPU
		Jenkins|Mixed Platforms = Jenkins|Mixed Platforms
		Jenkins|x64 = Jenkins|x64
		Jenkins|x86 = Jenkins|x86
		Release|Any CPU = Release|Any CPU
		Release|Mixed Platforms = Release|Mixed Platforms
		Release|x64 = Release|x64
		Release|x86 = Release|x86
	EndGlobalSection
	GlobalSection(ProjectConfigurationPlatforms) = postSolution
		{567987CB-35DB-4385-B6DB-3BEB4D5C0340}.Debug|Any CPU.ActiveCfg = Debug|Any CPU
		{567987CB-35DB-4385-B6DB-3BEB4D5C0340}.Debug|Any CPU.Build.0 = Debug|Any CPU
		{567987CB-35DB-4385-B6DB-3BEB4D5C0340}.Debug|Mixed Platforms.ActiveCfg = Debug|Any CPU
		{567987CB-35DB-4385-B6DB-3BEB4D5C0340}.Debug|x64.ActiveCfg = Debug|Any CPU
		{567987CB-35DB-4385-B6DB-3BEB4D5C0340}.Debug|x86.ActiveCfg = Debug|Any CPU
		{567987CB-35DB-4385-B6DB-3BEB4D5C0340}.Essentuki|Any CPU.ActiveCfg = Release|Any CPU
		{567987CB-35DB-4385-B6DB-3BEB4D5C0340}.Essentuki|Mixed Platforms.ActiveCfg = Release|Any CPU
		{567987CB-35DB-4385-B6DB-3BEB4D5C0340}.Essentuki|x64.ActiveCfg = Release|Any CPU
		{567987CB-35DB-4385-B6DB-3BEB4D5C0340}.Essentuki|x86.ActiveCfg = Release|Any CPU
		{567987CB-35DB-4385-B6DB-3BEB4D5C0340}.GB03|Any CPU.ActiveCfg = Release|Any CPU
		{567987CB-35DB-4385-B6DB-3BEB4D5C0340}.GB03|Mixed Platforms.ActiveCfg = Release|Any CPU
		{567987CB-35DB-4385-B6DB-3BEB4D5C0340}.GB03|x64.ActiveCfg = Release|Any CPU
		{567987CB-35DB-4385-B6DB-3BEB4D5C0340}.GB03|x86.ActiveCfg = Release|Any CPU
		{567987CB-35DB-4385-B6DB-3BEB4D5C0340}.GB04|Any CPU.ActiveCfg = Release|Any CPU
		{567987CB-35DB-4385-B6DB-3BEB4D5C0340}.GB04|Mixed Platforms.ActiveCfg = Release|Any CPU
		{567987CB-35DB-4385-B6DB-3BEB4D5C0340}.GB04|x64.ActiveCfg = Release|Any CPU
		{567987CB-35DB-4385-B6DB-3BEB4D5C0340}.GB04|x86.ActiveCfg = Release|Any CPU
		{567987CB-35DB-4385-B6DB-3BEB4D5C0340}.GB06|Any CPU.ActiveCfg = Release|Any CPU
		{567987CB-35DB-4385-B6DB-3BEB4D5C0340}.GB06|Mixed Platforms.ActiveCfg = Release|Any CPU
		{567987CB-35DB-4385-B6DB-3BEB4D5C0340}.GB06|x64.ActiveCfg = Release|Any CPU
		{567987CB-35DB-4385-B6DB-3BEB4D5C0340}.GB06|x86.ActiveCfg = Release|Any CPU
		{567987CB-35DB-4385-B6DB-3BEB4D5C0340}.GB23|Any CPU.ActiveCfg = Release|Any CPU
		{567987CB-35DB-4385-B6DB-3BEB4D5C0340}.GB23|Mixed Platforms.ActiveCfg = Release|Any CPU
		{567987CB-35DB-4385-B6DB-3BEB4D5C0340}.GB23|x64.ActiveCfg = Release|Any CPU
		{567987CB-35DB-4385-B6DB-3BEB4D5C0340}.GB23|x86.ActiveCfg = Release|Any CPU
		{567987CB-35DB-4385-B6DB-3BEB4D5C0340}.GB33|Any CPU.ActiveCfg = Release|Any CPU
		{567987CB-35DB-4385-B6DB-3BEB4D5C0340}.GB33|Mixed Platforms.ActiveCfg = Release|Any CPU
		{567987CB-35DB-4385-B6DB-3BEB4D5C0340}.GB33|x64.ActiveCfg = Release|Any CPU
		{567987CB-35DB-4385-B6DB-3BEB4D5C0340}.GB33|x86.ActiveCfg = Release|Any CPU
		{567987CB-35DB-4385-B6DB-3BEB4D5C0340}.GB36|Any CPU.ActiveCfg = Release|Any CPU
		{567987CB-35DB-4385-B6DB-3BEB4D5C0340}.GB36|Mixed Platforms.ActiveCfg = Release|Any CPU
		{567987CB-35DB-4385-B6DB-3BEB4D5C0340}.GB36|x64.ActiveCfg = Release|Any CPU
		{567987CB-35DB-4385-B6DB-3BEB4D5C0340}.GB36|x86.ActiveCfg = Release|Any CPU
		{567987CB-35DB-4385-B6DB-3BEB4D5C0340}.GB36DEMO|Any CPU.ActiveCfg = Release|Any CPU
		{567987CB-35DB-4385-B6DB-3BEB4D5C0340}.GB36DEMO|Mixed Platforms.ActiveCfg = Release|Any CPU
		{567987CB-35DB-4385-B6DB-3BEB4D5C0340}.GB36DEMO|x64.ActiveCfg = Release|Any CPU
		{567987CB-35DB-4385-B6DB-3BEB4D5C0340}.GB36DEMO|x86.ActiveCfg = Release|Any CPU
		{567987CB-35DB-4385-B6DB-3BEB4D5C0340}.Jenkins|Any CPU.ActiveCfg = Release|Any CPU
		{567987CB-35DB-4385-B6DB-3BEB4D5C0340}.Jenkins|Mixed Platforms.ActiveCfg = Release|Any CPU
		{567987CB-35DB-4385-B6DB-3BEB4D5C0340}.Jenkins|x64.ActiveCfg = Release|Any CPU
		{567987CB-35DB-4385-B6DB-3BEB4D5C0340}.Jenkins|x86.ActiveCfg = Release|Any CPU
		{567987CB-35DB-4385-B6DB-3BEB4D5C0340}.Release|Any CPU.ActiveCfg = Release|Any CPU
		{567987CB-35DB-4385-B6DB-3BEB4D5C0340}.Release|Any CPU.Build.0 = Release|Any CPU
		{567987CB-35DB-4385-B6DB-3BEB4D5C0340}.Release|Mixed Platforms.ActiveCfg = Release|Any CPU
		{567987CB-35DB-4385-B6DB-3BEB4D5C0340}.Release|x64.ActiveCfg = Release|Any CPU
		{567987CB-35DB-4385-B6DB-3BEB4D5C0340}.Release|x86.ActiveCfg = Release|Any CPU
	EndGlobalSection
	GlobalSection(SolutionProperties) = preSolution
		HideSolutionNode = FALSE
	EndGlobalSection
EndGlobal
