
Microsoft Visual Studio Solution File, Format Version 12.00
# Visual Studio 14
VisualStudioVersion = 14.0.25420.1
MinimumVisualStudioVersion = 10.0.40219.1
Project("{FAE04EC0-301F-11D3-BF4B-00C04F79EFBC}") = "TwinklCRM.Client", "TwinklCRM.Client\TwinklCRM.Client.csproj", "{567987CB-35DB-4385-B6DB-3BEB4D5C0340}"
EndProject
Project("{FAE04EC0-301F-11D3-BF4B-00C04F79EFBC}") = "TwinklCRM.DAL", "TwinklCRM.DAL\TwinklCRM.DAL.csproj", "{818F485F-BC1A-4482-9872-E4C3762C866E}"
EndProject
Project("{FAE04EC0-301F-11D3-BF4B-00C04F79EFBC}") = "TwinklCRM.MailboxServiceLibrary", "TwinklCRM.MailboxServiceLibrary\TwinklCRM.MailboxServiceLibrary.csproj", "{0BC763B2-5476-4F9B-A764-C4F1075CC11C}"
EndProject
Project("{FAE04EC0-301F-11D3-BF4B-00C04F79EFBC}") = "TwinklCRM.ConsoleHostOfServices", "TwinklCRM.ConsoleHostOfServices\TwinklCRM.ConsoleHostOfServices.csproj", "{3D62D7AC-093C-4F5E-8BF5-4BBD2F71BBCC}"
EndProject
Project("{FAE04EC0-301F-11D3-BF4B-00C04F79EFBC}") = "TwinklCRM.SchedulerServiceLibrary", "TwinklCRM.SchedulerServiceLibrary\TwinklCRM.SchedulerServiceLibrary.csproj", "{0954284D-1193-4BB2-88D1-EAC760DCCC2C}"
EndProject
Project("{FAE04EC0-301F-11D3-BF4B-00C04F79EFBC}") = "TwinklCRM.BusinessObjectServiceLibrary", "TwinklCRM.BusinessObjectServiceLibrary\TwinklCRM.BusinessObjectServiceLibrary.csproj", "{84947797-99D3-4049-89A7-87DDCEA16834}"
EndProject
Project("{FAE04EC0-301F-11D3-BF4B-00C04F79EFBC}") = "TwinklCRM.BaseFunctionsLibrary", "TwinklCRM.BaseFunctionsLibrary\TwinklCRM.BaseFunctionsLibrary.csproj", "{6AD49716-0E67-4C3B-86C2-25D47B1201B6}"
EndProject
Project("{2150E333-8FDC-42A3-9474-1A3956D46DE8}") = "Services", "Services", "{09DDE1A0-44EE-40B8-934D-12A0570D3653}"
EndProject
Global
	GlobalSection(SolutionConfigurationPlatforms) = preSolution
		Debug|Any CPU = Debug|Any CPU
		Debug|Mixed Platforms = Debug|Mixed Platforms
		Debug|x64 = Debug|x64
		Debug|x86 = Debug|x86
		Essentuki|Any CPU = Essentuki|Any CPU
		Essentuki|Mixed Platforms = Essentuki|Mixed Platforms
		Essentuki|x64 = Essentuki|x64
		Essentuki|x86 = Essentuki|x86
		GB03|Any CPU = GB03|Any CPU
		GB03|Mixed Platforms = GB03|Mixed Platforms
		GB03|x64 = GB03|x64
		GB03|x86 = GB03|x86
		GB04|Any CPU = GB04|Any CPU
		GB04|Mixed Platforms = GB04|Mixed Platforms
		GB04|x64 = GB04|x64
		GB04|x86 = GB04|x86
		GB06|Any CPU = GB06|Any CPU
		GB06|Mixed Platforms = GB06|Mixed Platforms
		GB06|x64 = GB06|x64
		GB06|x86 = GB06|x86
		GB23|Any CPU = GB23|Any CPU
		GB23|Mixed Platforms = GB23|Mixed Platforms
		GB23|x64 = GB23|x64
		GB23|x86 = GB23|x86
		GB33|Any CPU = GB33|Any CPU
		GB33|Mixed Platforms = GB33|Mixed Platforms
		GB33|x64 = GB33|x64
		GB33|x86 = GB33|x86
		GB36|Any CPU = GB36|Any CPU
		GB36|Mixed Platforms = GB36|Mixed Platforms
		GB36|x64 = GB36|x64
		GB36|x86 = GB36|x86
		GB36DEMO|Any CPU = GB36DEMO|Any CPU
		GB36DEMO|Mixed Platforms = GB36DEMO|Mixed Platforms
		GB36DEMO|x64 = GB36DEMO|x64
		GB36DEMO|x86 = GB36DEMO|x86
		Jenkins|Any CPU = Jenkins|Any CPU
		Jenkins|Mixed Platforms = Jenkins|Mixed Platforms
		Jenkins|x64 = Jenkins|x64
		Jenkins|x86 = Jenkins|x86
		Release|Any CPU = Release|Any CPU
		Release|Mixed Platforms = Release|Mixed Platforms
		Release|x64 = Release|x64
		Release|x86 = Release|x86
	EndGlobalSection
	GlobalSection(ProjectConfigurationPlatforms) = postSolution
		{567987CB-35DB-4385-B6DB-3BEB4D5C0340}.Debug|Any CPU.ActiveCfg = Debug|Any CPU
		{567987CB-35DB-4385-B6DB-3BEB4D5C0340}.Debug|Any CPU.Build.0 = Debug|Any CPU
		{567987CB-35DB-4385-B6DB-3BEB4D5C0340}.Debug|Mixed Platforms.ActiveCfg = Debug|Any CPU
		{567987CB-35DB-4385-B6DB-3BEB4D5C0340}.Debug|x64.ActiveCfg = Debug|Any CPU
		{567987CB-35DB-4385-B6DB-3BEB4D5C0340}.Debug|x86.ActiveCfg = Debug|Any CPU
		{567987CB-35DB-4385-B6DB-3BEB4D5C0340}.Essentuki|Any CPU.ActiveCfg = Release|Any CPU
		{567987CB-35DB-4385-B6DB-3BEB4D5C0340}.Essentuki|Mixed Platforms.ActiveCfg = Release|Any CPU
		{567987CB-35DB-4385-B6DB-3BEB4D5C0340}.Essentuki|x64.ActiveCfg = Release|Any CPU
		{567987CB-35DB-4385-B6DB-3BEB4D5C0340}.Essentuki|x86.ActiveCfg = Release|Any CPU
		{567987CB-35DB-4385-B6DB-3BEB4D5C0340}.GB03|Any CPU.ActiveCfg = Release|Any CPU
		{567987CB-35DB-4385-B6DB-3BEB4D5C0340}.GB03|Mixed Platforms.ActiveCfg = Release|Any CPU
		{567987CB-35DB-4385-B6DB-3BEB4D5C0340}.GB03|x64.ActiveCfg = Release|Any CPU
		{567987CB-35DB-4385-B6DB-3BEB4D5C0340}.GB03|x86.ActiveCfg = Release|Any CPU
		{567987CB-35DB-4385-B6DB-3BEB4D5C0340}.GB04|Any CPU.ActiveCfg = Release|Any CPU
		{567987CB-35DB-4385-B6DB-3BEB4D5C0340}.GB04|Mixed Platforms.ActiveCfg = Release|Any CPU
		{567987CB-35DB-4385-B6DB-3BEB4D5C0340}.GB04|x64.ActiveCfg = Release|Any CPU
		{567987CB-35DB-4385-B6DB-3BEB4D5C0340}.GB04|x86.ActiveCfg = Release|Any CPU
		{567987CB-35DB-4385-B6DB-3BEB4D5C0340}.GB06|Any CPU.ActiveCfg = Release|Any CPU
		{567987CB-35DB-4385-B6DB-3BEB4D5C0340}.GB06|Mixed Platforms.ActiveCfg = Release|Any CPU
		{567987CB-35DB-4385-B6DB-3BEB4D5C0340}.GB06|x64.ActiveCfg = Release|Any CPU
		{567987CB-35DB-4385-B6DB-3BEB4D5C0340}.GB06|x86.ActiveCfg = Release|Any CPU
		{567987CB-35DB-4385-B6DB-3BEB4D5C0340}.GB23|Any CPU.ActiveCfg = Release|Any CPU
		{567987CB-35DB-4385-B6DB-3BEB4D5C0340}.GB23|Mixed Platforms.ActiveCfg = Release|Any CPU
		{567987CB-35DB-4385-B6DB-3BEB4D5C0340}.GB23|x64.ActiveCfg = Release|Any CPU
		{567987CB-35DB-4385-B6DB-3BEB4D5C0340}.GB23|x86.ActiveCfg = Release|Any CPU
		{567987CB-35DB-4385-B6DB-3BEB4D5C0340}.GB33|Any CPU.ActiveCfg = Release|Any CPU
		{567987CB-35DB-4385-B6DB-3BEB4D5C0340}.GB33|Mixed Platforms.ActiveCfg = Release|Any CPU
		{567987CB-35DB-4385-B6DB-3BEB4D5C0340}.GB33|x64.ActiveCfg = Release|Any CPU
		{567987CB-35DB-4385-B6DB-3BEB4D5C0340}.GB33|x86.ActiveCfg = Release|Any CPU
		{567987CB-35DB-4385-B6DB-3BEB4D5C0340}.GB36|Any CPU.ActiveCfg = Release|Any CPU
		{567987CB-35DB-4385-B6DB-3BEB4D5C0340}.GB36|Mixed Platforms.ActiveCfg = Release|Any CPU
		{567987CB-35DB-4385-B6DB-3BEB4D5C0340}.GB36|x64.ActiveCfg = Release|Any CPU
		{567987CB-35DB-4385-B6DB-3BEB4D5C0340}.GB36|x86.ActiveCfg = Release|Any CPU
		{567987CB-35DB-4385-B6DB-3BEB4D5C0340}.GB36DEMO|Any CPU.ActiveCfg = Release|Any CPU
		{567987CB-35DB-4385-B6DB-3BEB4D5C0340}.GB36DEMO|Mixed Platforms.ActiveCfg = Release|Any CPU
		{567987CB-35DB-4385-B6DB-3BEB4D5C0340}.GB36DEMO|x64.ActiveCfg = Release|Any CPU
		{567987CB-35DB-4385-B6DB-3BEB4D5C0340}.GB36DEMO|x86.ActiveCfg = Release|Any CPU
		{567987CB-35DB-4385-B6DB-3BEB4D5C0340}.Jenkins|Any CPU.ActiveCfg = Release|Any CPU
		{567987CB-35DB-4385-B6DB-3BEB4D5C0340}.Jenkins|Mixed Platforms.ActiveCfg = Release|Any CPU
		{567987CB-35DB-4385-B6DB-3BEB4D5C0340}.Jenkins|x64.ActiveCfg = Release|Any CPU
		{567987CB-35DB-4385-B6DB-3BEB4D5C0340}.Jenkins|x86.ActiveCfg = Release|Any CPU
		{567987CB-35DB-4385-B6DB-3BEB4D5C0340}.Release|Any CPU.ActiveCfg = Release|Any CPU
		{567987CB-35DB-4385-B6DB-3BEB4D5C0340}.Release|Any CPU.Build.0 = Release|Any CPU
		{567987CB-35DB-4385-B6DB-3BEB4D5C0340}.Release|Mixed Platforms.ActiveCfg = Release|Any CPU
		{567987CB-35DB-4385-B6DB-3BEB4D5C0340}.Release|x64.ActiveCfg = Release|Any CPU
		{567987CB-35DB-4385-B6DB-3BEB4D5C0340}.Release|x86.ActiveCfg = Release|Any CPU
		{818F485F-BC1A-4482-9872-E4C3762C866E}.Debug|Any CPU.ActiveCfg = Debug|Any CPU
		{818F485F-BC1A-4482-9872-E4C3762C866E}.Debug|Any CPU.Build.0 = Debug|Any CPU
		{818F485F-BC1A-4482-9872-E4C3762C866E}.Debug|Mixed Platforms.ActiveCfg = Debug|Any CPU
		{818F485F-BC1A-4482-9872-E4C3762C866E}.Debug|Mixed Platforms.Build.0 = Debug|Any CPU
		{818F485F-BC1A-4482-9872-E4C3762C866E}.Debug|x64.ActiveCfg = Debug|Any CPU
		{818F485F-BC1A-4482-9872-E4C3762C866E}.Debug|x64.Build.0 = Debug|Any CPU
		{818F485F-BC1A-4482-9872-E4C3762C866E}.Debug|x86.ActiveCfg = Debug|Any CPU
		{818F485F-BC1A-4482-9872-E4C3762C866E}.Debug|x86.Build.0 = Debug|Any CPU
		{818F485F-BC1A-4482-9872-E4C3762C866E}.Essentuki|Any CPU.ActiveCfg = Release|Any CPU
		{818F485F-BC1A-4482-9872-E4C3762C866E}.Essentuki|Any CPU.Build.0 = Release|Any CPU
		{818F485F-BC1A-4482-9872-E4C3762C866E}.Essentuki|Mixed Platforms.ActiveCfg = Release|Any CPU
		{818F485F-BC1A-4482-9872-E4C3762C866E}.Essentuki|Mixed Platforms.Build.0 = Release|Any CPU
		{818F485F-BC1A-4482-9872-E4C3762C866E}.Essentuki|x64.ActiveCfg = Release|Any CPU
		{818F485F-BC1A-4482-9872-E4C3762C866E}.Essentuki|x64.Build.0 = Release|Any CPU
		{818F485F-BC1A-4482-9872-E4C3762C866E}.Essentuki|x86.ActiveCfg = Release|Any CPU
		{818F485F-BC1A-4482-9872-E4C3762C866E}.Essentuki|x86.Build.0 = Release|Any CPU
		{818F485F-BC1A-4482-9872-E4C3762C866E}.GB03|Any CPU.ActiveCfg = Release|Any CPU
		{818F485F-BC1A-4482-9872-E4C3762C866E}.GB03|Any CPU.Build.0 = Release|Any CPU
		{818F485F-BC1A-4482-9872-E4C3762C866E}.GB03|Mixed Platforms.ActiveCfg = Release|Any CPU
		{818F485F-BC1A-4482-9872-E4C3762C866E}.GB03|Mixed Platforms.Build.0 = Release|Any CPU
		{818F485F-BC1A-4482-9872-E4C3762C866E}.GB03|x64.ActiveCfg = Release|Any CPU
		{818F485F-BC1A-4482-9872-E4C3762C866E}.GB03|x64.Build.0 = Release|Any CPU
		{818F485F-BC1A-4482-9872-E4C3762C866E}.GB03|x86.ActiveCfg = Release|Any CPU
		{818F485F-BC1A-4482-9872-E4C3762C866E}.GB03|x86.Build.0 = Release|Any CPU
		{818F485F-BC1A-4482-9872-E4C3762C866E}.GB04|Any CPU.ActiveCfg = Release|Any CPU
		{818F485F-BC1A-4482-9872-E4C3762C866E}.GB04|Any CPU.Build.0 = Release|Any CPU
		{818F485F-BC1A-4482-9872-E4C3762C866E}.GB04|Mixed Platforms.ActiveCfg = Release|Any CPU
		{818F485F-BC1A-4482-9872-E4C3762C866E}.GB04|Mixed Platforms.Build.0 = Release|Any CPU
		{818F485F-BC1A-4482-9872-E4C3762C866E}.GB04|x64.ActiveCfg = Release|Any CPU
		{818F485F-BC1A-4482-9872-E4C3762C866E}.GB04|x64.Build.0 = Release|Any CPU
		{818F485F-BC1A-4482-9872-E4C3762C866E}.GB04|x86.ActiveCfg = Release|Any CPU
		{818F485F-BC1A-4482-9872-E4C3762C866E}.GB04|x86.Build.0 = Release|Any CPU
		{818F485F-BC1A-4482-9872-E4C3762C866E}.GB06|Any CPU.ActiveCfg = Release|Any CPU
		{818F485F-BC1A-4482-9872-E4C3762C866E}.GB06|Any CPU.Build.0 = Release|Any CPU
		{818F485F-BC1A-4482-9872-E4C3762C866E}.GB06|Mixed Platforms.ActiveCfg = Release|Any CPU
		{818F485F-BC1A-4482-9872-E4C3762C866E}.GB06|Mixed Platforms.Build.0 = Release|Any CPU
		{818F485F-BC1A-4482-9872-E4C3762C866E}.GB06|x64.ActiveCfg = Release|Any CPU
		{818F485F-BC1A-4482-9872-E4C3762C866E}.GB06|x64.Build.0 = Release|Any CPU
		{818F485F-BC1A-4482-9872-E4C3762C866E}.GB06|x86.ActiveCfg = Release|Any CPU
		{818F485F-BC1A-4482-9872-E4C3762C866E}.GB06|x86.Build.0 = Release|Any CPU
		{818F485F-BC1A-4482-9872-E4C3762C866E}.GB23|Any CPU.ActiveCfg = Release|Any CPU
		{818F485F-BC1A-4482-9872-E4C3762C866E}.GB23|Any CPU.Build.0 = Release|Any CPU
		{818F485F-BC1A-4482-9872-E4C3762C866E}.GB23|Mixed Platforms.ActiveCfg = Release|Any CPU
		{818F485F-BC1A-4482-9872-E4C3762C866E}.GB23|Mixed Platforms.Build.0 = Release|Any CPU
		{818F485F-BC1A-4482-9872-E4C3762C866E}.GB23|x64.ActiveCfg = Release|Any CPU
		{818F485F-BC1A-4482-9872-E4C3762C866E}.GB23|x64.Build.0 = Release|Any CPU
		{818F485F-BC1A-4482-9872-E4C3762C866E}.GB23|x86.ActiveCfg = Release|Any CPU
		{818F485F-BC1A-4482-9872-E4C3762C866E}.GB23|x86.Build.0 = Release|Any CPU
		{818F485F-BC1A-4482-9872-E4C3762C866E}.GB33|Any CPU.ActiveCfg = Release|Any CPU
		{818F485F-BC1A-4482-9872-E4C3762C866E}.GB33|Any CPU.Build.0 = Release|Any CPU
		{818F485F-BC1A-4482-9872-E4C3762C866E}.GB33|Mixed Platforms.ActiveCfg = Release|Any CPU
		{818F485F-BC1A-4482-9872-E4C3762C866E}.GB33|Mixed Platforms.Build.0 = Release|Any CPU
		{818F485F-BC1A-4482-9872-E4C3762C866E}.GB33|x64.ActiveCfg = Release|Any CPU
		{818F485F-BC1A-4482-9872-E4C3762C866E}.GB33|x64.Build.0 = Release|Any CPU
		{818F485F-BC1A-4482-9872-E4C3762C866E}.GB33|x86.ActiveCfg = Release|Any CPU
		{818F485F-BC1A-4482-9872-E4C3762C866E}.GB33|x86.Build.0 = Release|Any CPU
		{818F485F-BC1A-4482-9872-E4C3762C866E}.GB36|Any CPU.ActiveCfg = Release|Any CPU
		{818F485F-BC1A-4482-9872-E4C3762C866E}.GB36|Any CPU.Build.0 = Release|Any CPU
		{818F485F-BC1A-4482-9872-E4C3762C866E}.GB36|Mixed Platforms.ActiveCfg = Release|Any CPU
		{818F485F-BC1A-4482-9872-E4C3762C866E}.GB36|Mixed Platforms.Build.0 = Release|Any CPU
		{818F485F-BC1A-4482-9872-E4C3762C866E}.GB36|x64.ActiveCfg = Release|Any CPU
		{818F485F-BC1A-4482-9872-E4C3762C866E}.GB36|x64.Build.0 = Release|Any CPU
		{818F485F-BC1A-4482-9872-E4C3762C866E}.GB36|x86.ActiveCfg = Release|Any CPU
		{818F485F-BC1A-4482-9872-E4C3762C866E}.GB36|x86.Build.0 = Release|Any CPU
		{818F485F-BC1A-4482-9872-E4C3762C866E}.GB36DEMO|Any CPU.ActiveCfg = Release|Any CPU
		{818F485F-BC1A-4482-9872-E4C3762C866E}.GB36DEMO|Any CPU.Build.0 = Release|Any CPU
		{818F485F-BC1A-4482-9872-E4C3762C866E}.GB36DEMO|Mixed Platforms.ActiveCfg = Release|Any CPU
		{818F485F-BC1A-4482-9872-E4C3762C866E}.GB36DEMO|Mixed Platforms.Build.0 = Release|Any CPU
		{818F485F-BC1A-4482-9872-E4C3762C866E}.GB36DEMO|x64.ActiveCfg = Release|Any CPU
		{818F485F-BC1A-4482-9872-E4C3762C866E}.GB36DEMO|x64.Build.0 = Release|Any CPU
		{818F485F-BC1A-4482-9872-E4C3762C866E}.GB36DEMO|x86.ActiveCfg = Release|Any CPU
		{818F485F-BC1A-4482-9872-E4C3762C866E}.GB36DEMO|x86.Build.0 = Release|Any CPU
		{818F485F-BC1A-4482-9872-E4C3762C866E}.Jenkins|Any CPU.ActiveCfg = Release|Any CPU
		{818F485F-BC1A-4482-9872-E4C3762C866E}.Jenkins|Any CPU.Build.0 = Release|Any CPU
		{818F485F-BC1A-4482-9872-E4C3762C866E}.Jenkins|Mixed Platforms.ActiveCfg = Release|Any CPU
		{818F485F-BC1A-4482-9872-E4C3762C866E}.Jenkins|Mixed Platforms.Build.0 = Release|Any CPU
		{818F485F-BC1A-4482-9872-E4C3762C866E}.Jenkins|x64.ActiveCfg = Release|Any CPU
		{818F485F-BC1A-4482-9872-E4C3762C866E}.Jenkins|x64.Build.0 = Release|Any CPU
		{818F485F-BC1A-4482-9872-E4C3762C866E}.Jenkins|x86.ActiveCfg = Release|Any CPU
		{818F485F-BC1A-4482-9872-E4C3762C866E}.Jenkins|x86.Build.0 = Release|Any CPU
		{818F485F-BC1A-4482-9872-E4C3762C866E}.Release|Any CPU.ActiveCfg = Release|Any CPU
		{818F485F-BC1A-4482-9872-E4C3762C866E}.Release|Any CPU.Build.0 = Release|Any CPU
		{818F485F-BC1A-4482-9872-E4C3762C866E}.Release|Mixed Platforms.ActiveCfg = Release|Any CPU
		{818F485F-BC1A-4482-9872-E4C3762C866E}.Release|Mixed Platforms.Build.0 = Release|Any CPU
		{818F485F-BC1A-4482-9872-E4C3762C866E}.Release|x64.ActiveCfg = Release|Any CPU
		{818F485F-BC1A-4482-9872-E4C3762C866E}.Release|x64.Build.0 = Release|Any CPU
		{818F485F-BC1A-4482-9872-E4C3762C866E}.Release|x86.ActiveCfg = Release|Any CPU
		{818F485F-BC1A-4482-9872-E4C3762C866E}.Release|x86.Build.0 = Release|Any CPU
		{0BC763B2-5476-4F9B-A764-C4F1075CC11C}.Debug|Any CPU.ActiveCfg = Debug|Any CPU
		{0BC763B2-5476-4F9B-A764-C4F1075CC11C}.Debug|Any CPU.Build.0 = Debug|Any CPU
		{0BC763B2-5476-4F9B-A764-C4F1075CC11C}.Debug|Mixed Platforms.ActiveCfg = Debug|Any CPU
		{0BC763B2-5476-4F9B-A764-C4F1075CC11C}.Debug|Mixed Platforms.Build.0 = Debug|Any CPU
		{0BC763B2-5476-4F9B-A764-C4F1075CC11C}.Debug|x64.ActiveCfg = Debug|Any CPU
		{0BC763B2-5476-4F9B-A764-C4F1075CC11C}.Debug|x64.Build.0 = Debug|Any CPU
		{0BC763B2-5476-4F9B-A764-C4F1075CC11C}.Debug|x86.ActiveCfg = Debug|Any CPU
		{0BC763B2-5476-4F9B-A764-C4F1075CC11C}.Debug|x86.Build.0 = Debug|Any CPU
		{0BC763B2-5476-4F9B-A764-C4F1075CC11C}.Essentuki|Any CPU.ActiveCfg = Release|Any CPU
		{0BC763B2-5476-4F9B-A764-C4F1075CC11C}.Essentuki|Any CPU.Build.0 = Release|Any CPU
		{0BC763B2-5476-4F9B-A764-C4F1075CC11C}.Essentuki|Mixed Platforms.ActiveCfg = Release|Any CPU
		{0BC763B2-5476-4F9B-A764-C4F1075CC11C}.Essentuki|Mixed Platforms.Build.0 = Release|Any CPU
		{0BC763B2-5476-4F9B-A764-C4F1075CC11C}.Essentuki|x64.ActiveCfg = Release|Any CPU
		{0BC763B2-5476-4F9B-A764-C4F1075CC11C}.Essentuki|x64.Build.0 = Release|Any CPU
		{0BC763B2-5476-4F9B-A764-C4F1075CC11C}.Essentuki|x86.ActiveCfg = Release|Any CPU
		{0BC763B2-5476-4F9B-A764-C4F1075CC11C}.Essentuki|x86.Build.0 = Release|Any CPU
		{0BC763B2-5476-4F9B-A764-C4F1075CC11C}.GB03|Any CPU.ActiveCfg = Release|Any CPU
		{0BC763B2-5476-4F9B-A764-C4F1075CC11C}.GB03|Any CPU.Build.0 = Release|Any CPU
		{0BC763B2-5476-4F9B-A764-C4F1075CC11C}.GB03|Mixed Platforms.ActiveCfg = Release|Any CPU
		{0BC763B2-5476-4F9B-A764-C4F1075CC11C}.GB03|Mixed Platforms.Build.0 = Release|Any CPU
		{0BC763B2-5476-4F9B-A764-C4F1075CC11C}.GB03|x64.ActiveCfg = Release|Any CPU
		{0BC763B2-5476-4F9B-A764-C4F1075CC11C}.GB03|x64.Build.0 = Release|Any CPU
		{0BC763B2-5476-4F9B-A764-C4F1075CC11C}.GB03|x86.ActiveCfg = Release|Any CPU
		{0BC763B2-5476-4F9B-A764-C4F1075CC11C}.GB03|x86.Build.0 = Release|Any CPU
		{0BC763B2-5476-4F9B-A764-C4F1075CC11C}.GB04|Any CPU.ActiveCfg = Release|Any CPU
		{0BC763B2-5476-4F9B-A764-C4F1075CC11C}.GB04|Any CPU.Build.0 = Release|Any CPU
		{0BC763B2-5476-4F9B-A764-C4F1075CC11C}.GB04|Mixed Platforms.ActiveCfg = Release|Any CPU
		{0BC763B2-5476-4F9B-A764-C4F1075CC11C}.GB04|Mixed Platforms.Build.0 = Release|Any CPU
		{0BC763B2-5476-4F9B-A764-C4F1075CC11C}.GB04|x64.ActiveCfg = Release|Any CPU
		{0BC763B2-5476-4F9B-A764-C4F1075CC11C}.GB04|x64.Build.0 = Release|Any CPU
		{0BC763B2-5476-4F9B-A764-C4F1075CC11C}.GB04|x86.ActiveCfg = Release|Any CPU
		{0BC763B2-5476-4F9B-A764-C4F1075CC11C}.GB04|x86.Build.0 = Release|Any CPU
		{0BC763B2-5476-4F9B-A764-C4F1075CC11C}.GB06|Any CPU.ActiveCfg = Release|Any CPU
		{0BC763B2-5476-4F9B-A764-C4F1075CC11C}.GB06|Any CPU.Build.0 = Release|Any CPU
		{0BC763B2-5476-4F9B-A764-C4F1075CC11C}.GB06|Mixed Platforms.ActiveCfg = Release|Any CPU
		{0BC763B2-5476-4F9B-A764-C4F1075CC11C}.GB06|Mixed Platforms.Build.0 = Release|Any CPU
		{0BC763B2-5476-4F9B-A764-C4F1075CC11C}.GB06|x64.ActiveCfg = Release|Any CPU
		{0BC763B2-5476-4F9B-A764-C4F1075CC11C}.GB06|x64.Build.0 = Release|Any CPU
		{0BC763B2-5476-4F9B-A764-C4F1075CC11C}.GB06|x86.ActiveCfg = Release|Any CPU
		{0BC763B2-5476-4F9B-A764-C4F1075CC11C}.GB06|x86.Build.0 = Release|Any CPU
		{0BC763B2-5476-4F9B-A764-C4F1075CC11C}.GB23|Any CPU.ActiveCfg = Release|Any CPU
		{0BC763B2-5476-4F9B-A764-C4F1075CC11C}.GB23|Any CPU.Build.0 = Release|Any CPU
		{0BC763B2-5476-4F9B-A764-C4F1075CC11C}.GB23|Mixed Platforms.ActiveCfg = Release|Any CPU
		{0BC763B2-5476-4F9B-A764-C4F1075CC11C}.GB23|Mixed Platforms.Build.0 = Release|Any CPU
		{0BC763B2-5476-4F9B-A764-C4F1075CC11C}.GB23|x64.ActiveCfg = Release|Any CPU
		{0BC763B2-5476-4F9B-A764-C4F1075CC11C}.GB23|x64.Build.0 = Release|Any CPU
		{0BC763B2-5476-4F9B-A764-C4F1075CC11C}.GB23|x86.ActiveCfg = Release|Any CPU
		{0BC763B2-5476-4F9B-A764-C4F1075CC11C}.GB23|x86.Build.0 = Release|Any CPU
		{0BC763B2-5476-4F9B-A764-C4F1075CC11C}.GB33|Any CPU.ActiveCfg = Release|Any CPU
		{0BC763B2-5476-4F9B-A764-C4F1075CC11C}.GB33|Any CPU.Build.0 = Release|Any CPU
		{0BC763B2-5476-4F9B-A764-C4F1075CC11C}.GB33|Mixed Platforms.ActiveCfg = Release|Any CPU
		{0BC763B2-5476-4F9B-A764-C4F1075CC11C}.GB33|Mixed Platforms.Build.0 = Release|Any CPU
		{0BC763B2-5476-4F9B-A764-C4F1075CC11C}.GB33|x64.ActiveCfg = Release|Any CPU
		{0BC763B2-5476-4F9B-A764-C4F1075CC11C}.GB33|x64.Build.0 = Release|Any CPU
		{0BC763B2-5476-4F9B-A764-C4F1075CC11C}.GB33|x86.ActiveCfg = Release|Any CPU
		{0BC763B2-5476-4F9B-A764-C4F1075CC11C}.GB33|x86.Build.0 = Release|Any CPU
		{0BC763B2-5476-4F9B-A764-C4F1075CC11C}.GB36|Any CPU.ActiveCfg = Release|Any CPU
		{0BC763B2-5476-4F9B-A764-C4F1075CC11C}.GB36|Any CPU.Build.0 = Release|Any CPU
		{0BC763B2-5476-4F9B-A764-C4F1075CC11C}.GB36|Mixed Platforms.ActiveCfg = Release|Any CPU
		{0BC763B2-5476-4F9B-A764-C4F1075CC11C}.GB36|Mixed Platforms.Build.0 = Release|Any CPU
		{0BC763B2-5476-4F9B-A764-C4F1075CC11C}.GB36|x64.ActiveCfg = Release|Any CPU
		{0BC763B2-5476-4F9B-A764-C4F1075CC11C}.GB36|x64.Build.0 = Release|Any CPU
		{0BC763B2-5476-4F9B-A764-C4F1075CC11C}.GB36|x86.ActiveCfg = Release|Any CPU
		{0BC763B2-5476-4F9B-A764-C4F1075CC11C}.GB36|x86.Build.0 = Release|Any CPU
		{0BC763B2-5476-4F9B-A764-C4F1075CC11C}.GB36DEMO|Any CPU.ActiveCfg = Release|Any CPU
		{0BC763B2-5476-4F9B-A764-C4F1075CC11C}.GB36DEMO|Any CPU.Build.0 = Release|Any CPU
		{0BC763B2-5476-4F9B-A764-C4F1075CC11C}.GB36DEMO|Mixed Platforms.ActiveCfg = Release|Any CPU
		{0BC763B2-5476-4F9B-A764-C4F1075CC11C}.GB36DEMO|Mixed Platforms.Build.0 = Release|Any CPU
		{0BC763B2-5476-4F9B-A764-C4F1075CC11C}.GB36DEMO|x64.ActiveCfg = Release|Any CPU
		{0BC763B2-5476-4F9B-A764-C4F1075CC11C}.GB36DEMO|x64.Build.0 = Release|Any CPU
		{0BC763B2-5476-4F9B-A764-C4F1075CC11C}.GB36DEMO|x86.ActiveCfg = Release|Any CPU
		{0BC763B2-5476-4F9B-A764-C4F1075CC11C}.GB36DEMO|x86.Build.0 = Release|Any CPU
		{0BC763B2-5476-4F9B-A764-C4F1075CC11C}.Jenkins|Any CPU.ActiveCfg = Release|Any CPU
		{0BC763B2-5476-4F9B-A764-C4F1075CC11C}.Jenkins|Any CPU.Build.0 = Release|Any CPU
		{0BC763B2-5476-4F9B-A764-C4F1075CC11C}.Jenkins|Mixed Platforms.ActiveCfg = Release|Any CPU
		{0BC763B2-5476-4F9B-A764-C4F1075CC11C}.Jenkins|Mixed Platforms.Build.0 = Release|Any CPU
		{0BC763B2-5476-4F9B-A764-C4F1075CC11C}.Jenkins|x64.ActiveCfg = Release|Any CPU
		{0BC763B2-5476-4F9B-A764-C4F1075CC11C}.Jenkins|x64.Build.0 = Release|Any CPU
		{0BC763B2-5476-4F9B-A764-C4F1075CC11C}.Jenkins|x86.ActiveCfg = Release|Any CPU
		{0BC763B2-5476-4F9B-A764-C4F1075CC11C}.Jenkins|x86.Build.0 = Release|Any CPU
		{0BC763B2-5476-4F9B-A764-C4F1075CC11C}.Release|Any CPU.ActiveCfg = Release|Any CPU
		{0BC763B2-5476-4F9B-A764-C4F1075CC11C}.Release|Any CPU.Build.0 = Release|Any CPU
		{0BC763B2-5476-4F9B-A764-C4F1075CC11C}.Release|Mixed Platforms.ActiveCfg = Release|Any CPU
		{0BC763B2-5476-4F9B-A764-C4F1075CC11C}.Release|Mixed Platforms.Build.0 = Release|Any CPU
		{0BC763B2-5476-4F9B-A764-C4F1075CC11C}.Release|x64.ActiveCfg = Release|Any CPU
		{0BC763B2-5476-4F9B-A764-C4F1075CC11C}.Release|x64.Build.0 = Release|Any CPU
		{0BC763B2-5476-4F9B-A764-C4F1075CC11C}.Release|x86.ActiveCfg = Release|Any CPU
		{0BC763B2-5476-4F9B-A764-C4F1075CC11C}.Release|x86.Build.0 = Release|Any CPU
		{3D62D7AC-093C-4F5E-8BF5-4BBD2F71BBCC}.Debug|Any CPU.ActiveCfg = Debug|Any CPU
		{3D62D7AC-093C-4F5E-8BF5-4BBD2F71BBCC}.Debug|Any CPU.Build.0 = Debug|Any CPU
		{3D62D7AC-093C-4F5E-8BF5-4BBD2F71BBCC}.Debug|Mixed Platforms.ActiveCfg = Debug|Any CPU
		{3D62D7AC-093C-4F5E-8BF5-4BBD2F71BBCC}.Debug|Mixed Platforms.Build.0 = Debug|Any CPU
		{3D62D7AC-093C-4F5E-8BF5-4BBD2F71BBCC}.Debug|x64.ActiveCfg = Debug|Any CPU
		{3D62D7AC-093C-4F5E-8BF5-4BBD2F71BBCC}.Debug|x64.Build.0 = Debug|Any CPU
		{3D62D7AC-093C-4F5E-8BF5-4BBD2F71BBCC}.Debug|x86.ActiveCfg = Debug|Any CPU
		{3D62D7AC-093C-4F5E-8BF5-4BBD2F71BBCC}.Debug|x86.Build.0 = Debug|Any CPU
		{3D62D7AC-093C-4F5E-8BF5-4BBD2F71BBCC}.Essentuki|Any CPU.ActiveCfg = Release|Any CPU
		{3D62D7AC-093C-4F5E-8BF5-4BBD2F71BBCC}.Essentuki|Any CPU.Build.0 = Release|Any CPU
		{3D62D7AC-093C-4F5E-8BF5-4BBD2F71BBCC}.Essentuki|Mixed Platforms.ActiveCfg = Release|Any CPU
		{3D62D7AC-093C-4F5E-8BF5-4BBD2F71BBCC}.Essentuki|Mixed Platforms.Build.0 = Release|Any CPU
		{3D62D7AC-093C-4F5E-8BF5-4BBD2F71BBCC}.Essentuki|x64.ActiveCfg = Release|Any CPU
		{3D62D7AC-093C-4F5E-8BF5-4BBD2F71BBCC}.Essentuki|x64.Build.0 = Release|Any CPU
		{3D62D7AC-093C-4F5E-8BF5-4BBD2F71BBCC}.Essentuki|x86.ActiveCfg = Release|Any CPU
		{3D62D7AC-093C-4F5E-8BF5-4BBD2F71BBCC}.Essentuki|x86.Build.0 = Release|Any CPU
		{3D62D7AC-093C-4F5E-8BF5-4BBD2F71BBCC}.GB03|Any CPU.ActiveCfg = Release|Any CPU
		{3D62D7AC-093C-4F5E-8BF5-4BBD2F71BBCC}.GB03|Any CPU.Build.0 = Release|Any CPU
		{3D62D7AC-093C-4F5E-8BF5-4BBD2F71BBCC}.GB03|Mixed Platforms.ActiveCfg = Release|Any CPU
		{3D62D7AC-093C-4F5E-8BF5-4BBD2F71BBCC}.GB03|Mixed Platforms.Build.0 = Release|Any CPU
		{3D62D7AC-093C-4F5E-8BF5-4BBD2F71BBCC}.GB03|x64.ActiveCfg = Release|Any CPU
		{3D62D7AC-093C-4F5E-8BF5-4BBD2F71BBCC}.GB03|x64.Build.0 = Release|Any CPU
		{3D62D7AC-093C-4F5E-8BF5-4BBD2F71BBCC}.GB03|x86.ActiveCfg = Release|Any CPU
		{3D62D7AC-093C-4F5E-8BF5-4BBD2F71BBCC}.GB03|x86.Build.0 = Release|Any CPU
		{3D62D7AC-093C-4F5E-8BF5-4BBD2F71BBCC}.GB04|Any CPU.ActiveCfg = Release|Any CPU
		{3D62D7AC-093C-4F5E-8BF5-4BBD2F71BBCC}.GB04|Any CPU.Build.0 = Release|Any CPU
		{3D62D7AC-093C-4F5E-8BF5-4BBD2F71BBCC}.GB04|Mixed Platforms.ActiveCfg = Release|Any CPU
		{3D62D7AC-093C-4F5E-8BF5-4BBD2F71BBCC}.GB04|Mixed Platforms.Build.0 = Release|Any CPU
		{3D62D7AC-093C-4F5E-8BF5-4BBD2F71BBCC}.GB04|x64.ActiveCfg = Release|Any CPU
		{3D62D7AC-093C-4F5E-8BF5-4BBD2F71BBCC}.GB04|x64.Build.0 = Release|Any CPU
		{3D62D7AC-093C-4F5E-8BF5-4BBD2F71BBCC}.GB04|x86.ActiveCfg = Release|Any CPU
		{3D62D7AC-093C-4F5E-8BF5-4BBD2F71BBCC}.GB04|x86.Build.0 = Release|Any CPU
		{3D62D7AC-093C-4F5E-8BF5-4BBD2F71BBCC}.GB06|Any CPU.ActiveCfg = Release|Any CPU
		{3D62D7AC-093C-4F5E-8BF5-4BBD2F71BBCC}.GB06|Any CPU.Build.0 = Release|Any CPU
		{3D62D7AC-093C-4F5E-8BF5-4BBD2F71BBCC}.GB06|Mixed Platforms.ActiveCfg = Release|Any CPU
		{3D62D7AC-093C-4F5E-8BF5-4BBD2F71BBCC}.GB06|Mixed Platforms.Build.0 = Release|Any CPU
		{3D62D7AC-093C-4F5E-8BF5-4BBD2F71BBCC}.GB06|x64.ActiveCfg = Release|Any CPU
		{3D62D7AC-093C-4F5E-8BF5-4BBD2F71BBCC}.GB06|x64.Build.0 = Release|Any CPU
		{3D62D7AC-093C-4F5E-8BF5-4BBD2F71BBCC}.GB06|x86.ActiveCfg = Release|Any CPU
		{3D62D7AC-093C-4F5E-8BF5-4BBD2F71BBCC}.GB06|x86.Build.0 = Release|Any CPU
		{3D62D7AC-093C-4F5E-8BF5-4BBD2F71BBCC}.GB23|Any CPU.ActiveCfg = Release|Any CPU
		{3D62D7AC-093C-4F5E-8BF5-4BBD2F71BBCC}.GB23|Any CPU.Build.0 = Release|Any CPU
		{3D62D7AC-093C-4F5E-8BF5-4BBD2F71BBCC}.GB23|Mixed Platforms.ActiveCfg = Release|Any CPU
		{3D62D7AC-093C-4F5E-8BF5-4BBD2F71BBCC}.GB23|Mixed Platforms.Build.0 = Release|Any CPU
		{3D62D7AC-093C-4F5E-8BF5-4BBD2F71BBCC}.GB23|x64.ActiveCfg = Release|Any CPU
		{3D62D7AC-093C-4F5E-8BF5-4BBD2F71BBCC}.GB23|x64.Build.0 = Release|Any CPU
		{3D62D7AC-093C-4F5E-8BF5-4BBD2F71BBCC}.GB23|x86.ActiveCfg = Release|Any CPU
		{3D62D7AC-093C-4F5E-8BF5-4BBD2F71BBCC}.GB23|x86.Build.0 = Release|Any CPU
		{3D62D7AC-093C-4F5E-8BF5-4BBD2F71BBCC}.GB33|Any CPU.ActiveCfg = Release|Any CPU
		{3D62D7AC-093C-4F5E-8BF5-4BBD2F71BBCC}.GB33|Any CPU.Build.0 = Release|Any CPU
		{3D62D7AC-093C-4F5E-8BF5-4BBD2F71BBCC}.GB33|Mixed Platforms.ActiveCfg = Release|Any CPU
		{3D62D7AC-093C-4F5E-8BF5-4BBD2F71BBCC}.GB33|Mixed Platforms.Build.0 = Release|Any CPU
		{3D62D7AC-093C-4F5E-8BF5-4BBD2F71BBCC}.GB33|x64.ActiveCfg = Release|Any CPU
		{3D62D7AC-093C-4F5E-8BF5-4BBD2F71BBCC}.GB33|x64.Build.0 = Release|Any CPU
		{3D62D7AC-093C-4F5E-8BF5-4BBD2F71BBCC}.GB33|x86.ActiveCfg = Release|Any CPU
		{3D62D7AC-093C-4F5E-8BF5-4BBD2F71BBCC}.GB33|x86.Build.0 = Release|Any CPU
		{3D62D7AC-093C-4F5E-8BF5-4BBD2F71BBCC}.GB36|Any CPU.ActiveCfg = Release|Any CPU
		{3D62D7AC-093C-4F5E-8BF5-4BBD2F71BBCC}.GB36|Any CPU.Build.0 = Release|Any CPU
		{3D62D7AC-093C-4F5E-8BF5-4BBD2F71BBCC}.GB36|Mixed Platforms.ActiveCfg = Release|Any CPU
		{3D62D7AC-093C-4F5E-8BF5-4BBD2F71BBCC}.GB36|Mixed Platforms.Build.0 = Release|Any CPU
		{3D62D7AC-093C-4F5E-8BF5-4BBD2F71BBCC}.GB36|x64.ActiveCfg = Release|Any CPU
		{3D62D7AC-093C-4F5E-8BF5-4BBD2F71BBCC}.GB36|x64.Build.0 = Release|Any CPU
		{3D62D7AC-093C-4F5E-8BF5-4BBD2F71BBCC}.GB36|x86.ActiveCfg = Release|Any CPU
		{3D62D7AC-093C-4F5E-8BF5-4BBD2F71BBCC}.GB36|x86.Build.0 = Release|Any CPU
		{3D62D7AC-093C-4F5E-8BF5-4BBD2F71BBCC}.GB36DEMO|Any CPU.ActiveCfg = Release|Any CPU
		{3D62D7AC-093C-4F5E-8BF5-4BBD2F71BBCC}.GB36DEMO|Any CPU.Build.0 = Release|Any CPU
		{3D62D7AC-093C-4F5E-8BF5-4BBD2F71BBCC}.GB36DEMO|Mixed Platforms.ActiveCfg = Release|Any CPU
		{3D62D7AC-093C-4F5E-8BF5-4BBD2F71BBCC}.GB36DEMO|Mixed Platforms.Build.0 = Release|Any CPU
		{3D62D7AC-093C-4F5E-8BF5-4BBD2F71BBCC}.GB36DEMO|x64.ActiveCfg = Release|Any CPU
		{3D62D7AC-093C-4F5E-8BF5-4BBD2F71BBCC}.GB36DEMO|x64.Build.0 = Release|Any CPU
		{3D62D7AC-093C-4F5E-8BF5-4BBD2F71BBCC}.GB36DEMO|x86.ActiveCfg = Release|Any CPU
		{3D62D7AC-093C-4F5E-8BF5-4BBD2F71BBCC}.GB36DEMO|x86.Build.0 = Release|Any CPU
		{3D62D7AC-093C-4F5E-8BF5-4BBD2F71BBCC}.Jenkins|Any CPU.ActiveCfg = Release|Any CPU
		{3D62D7AC-093C-4F5E-8BF5-4BBD2F71BBCC}.Jenkins|Any CPU.Build.0 = Release|Any CPU
		{3D62D7AC-093C-4F5E-8BF5-4BBD2F71BBCC}.Jenkins|Mixed Platforms.ActiveCfg = Release|Any CPU
		{3D62D7AC-093C-4F5E-8BF5-4BBD2F71BBCC}.Jenkins|Mixed Platforms.Build.0 = Release|Any CPU
		{3D62D7AC-093C-4F5E-8BF5-4BBD2F71BBCC}.Jenkins|x64.ActiveCfg = Release|Any CPU
		{3D62D7AC-093C-4F5E-8BF5-4BBD2F71BBCC}.Jenkins|x64.Build.0 = Release|Any CPU
		{3D62D7AC-093C-4F5E-8BF5-4BBD2F71BBCC}.Jenkins|x86.ActiveCfg = Release|Any CPU
		{3D62D7AC-093C-4F5E-8BF5-4BBD2F71BBCC}.Jenkins|x86.Build.0 = Release|Any CPU
		{3D62D7AC-093C-4F5E-8BF5-4BBD2F71BBCC}.Release|Any CPU.ActiveCfg = Release|Any CPU
		{3D62D7AC-093C-4F5E-8BF5-4BBD2F71BBCC}.Release|Any CPU.Build.0 = Release|Any CPU
		{3D62D7AC-093C-4F5E-8BF5-4BBD2F71BBCC}.Release|Mixed Platforms.ActiveCfg = Release|Any CPU
		{3D62D7AC-093C-4F5E-8BF5-4BBD2F71BBCC}.Release|Mixed Platforms.Build.0 = Release|Any CPU
		{3D62D7AC-093C-4F5E-8BF5-4BBD2F71BBCC}.Release|x64.ActiveCfg = Release|Any CPU
		{3D62D7AC-093C-4F5E-8BF5-4BBD2F71BBCC}.Release|x64.Build.0 = Release|Any CPU
		{3D62D7AC-093C-4F5E-8BF5-4BBD2F71BBCC}.Release|x86.ActiveCfg = Release|Any CPU
		{3D62D7AC-093C-4F5E-8BF5-4BBD2F71BBCC}.Release|x86.Build.0 = Release|Any CPU
		{0954284D-1193-4BB2-88D1-EAC760DCCC2C}.Debug|Any CPU.ActiveCfg = Debug|Any CPU
		{0954284D-1193-4BB2-88D1-EAC760DCCC2C}.Debug|Any CPU.Build.0 = Debug|Any CPU
		{0954284D-1193-4BB2-88D1-EAC760DCCC2C}.Debug|Mixed Platforms.ActiveCfg = Debug|Any CPU
		{0954284D-1193-4BB2-88D1-EAC760DCCC2C}.Debug|Mixed Platforms.Build.0 = Debug|Any CPU
		{0954284D-1193-4BB2-88D1-EAC760DCCC2C}.Debug|x64.ActiveCfg = Debug|Any CPU
		{0954284D-1193-4BB2-88D1-EAC760DCCC2C}.Debug|x64.Build.0 = Debug|Any CPU
		{0954284D-1193-4BB2-88D1-EAC760DCCC2C}.Debug|x86.ActiveCfg = Debug|Any CPU
		{0954284D-1193-4BB2-88D1-EAC760DCCC2C}.Debug|x86.Build.0 = Debug|Any CPU
		{0954284D-1193-4BB2-88D1-EAC760DCCC2C}.Essentuki|Any CPU.ActiveCfg = Release|Any CPU
		{0954284D-1193-4BB2-88D1-EAC760DCCC2C}.Essentuki|Any CPU.Build.0 = Release|Any CPU
		{0954284D-1193-4BB2-88D1-EAC760DCCC2C}.Essentuki|Mixed Platforms.ActiveCfg = Release|Any CPU
		{0954284D-1193-4BB2-88D1-EAC760DCCC2C}.Essentuki|Mixed Platforms.Build.0 = Release|Any CPU
		{0954284D-1193-4BB2-88D1-EAC760DCCC2C}.Essentuki|x64.ActiveCfg = Release|Any CPU
		{0954284D-1193-4BB2-88D1-EAC760DCCC2C}.Essentuki|x64.Build.0 = Release|Any CPU
		{0954284D-1193-4BB2-88D1-EAC760DCCC2C}.Essentuki|x86.ActiveCfg = Release|Any CPU
		{0954284D-1193-4BB2-88D1-EAC760DCCC2C}.Essentuki|x86.Build.0 = Release|Any CPU
		{0954284D-1193-4BB2-88D1-EAC760DCCC2C}.GB03|Any CPU.ActiveCfg = Release|Any CPU
		{0954284D-1193-4BB2-88D1-EAC760DCCC2C}.GB03|Any CPU.Build.0 = Release|Any CPU
		{0954284D-1193-4BB2-88D1-EAC760DCCC2C}.GB03|Mixed Platforms.ActiveCfg = Release|Any CPU
		{0954284D-1193-4BB2-88D1-EAC760DCCC2C}.GB03|Mixed Platforms.Build.0 = Release|Any CPU
		{0954284D-1193-4BB2-88D1-EAC760DCCC2C}.GB03|x64.ActiveCfg = Release|Any CPU
		{0954284D-1193-4BB2-88D1-EAC760DCCC2C}.GB03|x64.Build.0 = Release|Any CPU
		{0954284D-1193-4BB2-88D1-EAC760DCCC2C}.GB03|x86.ActiveCfg = Release|Any CPU
		{0954284D-1193-4BB2-88D1-EAC760DCCC2C}.GB03|x86.Build.0 = Release|Any CPU
		{0954284D-1193-4BB2-88D1-EAC760DCCC2C}.GB04|Any CPU.ActiveCfg = Release|Any CPU
		{0954284D-1193-4BB2-88D1-EAC760DCCC2C}.GB04|Any CPU.Build.0 = Release|Any CPU
		{0954284D-1193-4BB2-88D1-EAC760DCCC2C}.GB04|Mixed Platforms.ActiveCfg = Release|Any CPU
		{0954284D-1193-4BB2-88D1-EAC760DCCC2C}.GB04|Mixed Platforms.Build.0 = Release|Any CPU
		{0954284D-1193-4BB2-88D1-EAC760DCCC2C}.GB04|x64.ActiveCfg = Release|Any CPU
		{0954284D-1193-4BB2-88D1-EAC760DCCC2C}.GB04|x64.Build.0 = Release|Any CPU
		{0954284D-1193-4BB2-88D1-EAC760DCCC2C}.GB04|x86.ActiveCfg = Release|Any CPU
		{0954284D-1193-4BB2-88D1-EAC760DCCC2C}.GB04|x86.Build.0 = Release|Any CPU
		{0954284D-1193-4BB2-88D1-EAC760DCCC2C}.GB06|Any CPU.ActiveCfg = Release|Any CPU
		{0954284D-1193-4BB2-88D1-EAC760DCCC2C}.GB06|Any CPU.Build.0 = Release|Any CPU
		{0954284D-1193-4BB2-88D1-EAC760DCCC2C}.GB06|Mixed Platforms.ActiveCfg = Release|Any CPU
		{0954284D-1193-4BB2-88D1-EAC760DCCC2C}.GB06|Mixed Platforms.Build.0 = Release|Any CPU
		{0954284D-1193-4BB2-88D1-EAC760DCCC2C}.GB06|x64.ActiveCfg = Release|Any CPU
		{0954284D-1193-4BB2-88D1-EAC760DCCC2C}.GB06|x64.Build.0 = Release|Any CPU
		{0954284D-1193-4BB2-88D1-EAC760DCCC2C}.GB06|x86.ActiveCfg = Release|Any CPU
		{0954284D-1193-4BB2-88D1-EAC760DCCC2C}.GB06|x86.Build.0 = Release|Any CPU
		{0954284D-1193-4BB2-88D1-EAC760DCCC2C}.GB23|Any CPU.ActiveCfg = Release|Any CPU
		{0954284D-1193-4BB2-88D1-EAC760DCCC2C}.GB23|Any CPU.Build.0 = Release|Any CPU
		{0954284D-1193-4BB2-88D1-EAC760DCCC2C}.GB23|Mixed Platforms.ActiveCfg = Release|Any CPU
		{0954284D-1193-4BB2-88D1-EAC760DCCC2C}.GB23|Mixed Platforms.Build.0 = Release|Any CPU
		{0954284D-1193-4BB2-88D1-EAC760DCCC2C}.GB23|x64.ActiveCfg = Release|Any CPU
		{0954284D-1193-4BB2-88D1-EAC760DCCC2C}.GB23|x64.Build.0 = Release|Any CPU
		{0954284D-1193-4BB2-88D1-EAC760DCCC2C}.GB23|x86.ActiveCfg = Release|Any CPU
		{0954284D-1193-4BB2-88D1-EAC760DCCC2C}.GB23|x86.Build.0 = Release|Any CPU
		{0954284D-1193-4BB2-88D1-EAC760DCCC2C}.GB33|Any CPU.ActiveCfg = Release|Any CPU
		{0954284D-1193-4BB2-88D1-EAC760DCCC2C}.GB33|Any CPU.Build.0 = Release|Any CPU
		{0954284D-1193-4BB2-88D1-EAC760DCCC2C}.GB33|Mixed Platforms.ActiveCfg = Release|Any CPU
		{0954284D-1193-4BB2-88D1-EAC760DCCC2C}.GB33|Mixed Platforms.Build.0 = Release|Any CPU
		{0954284D-1193-4BB2-88D1-EAC760DCCC2C}.GB33|x64.ActiveCfg = Release|Any CPU
		{0954284D-1193-4BB2-88D1-EAC760DCCC2C}.GB33|x64.Build.0 = Release|Any CPU
		{0954284D-1193-4BB2-88D1-EAC760DCCC2C}.GB33|x86.ActiveCfg = Release|Any CPU
		{0954284D-1193-4BB2-88D1-EAC760DCCC2C}.GB33|x86.Build.0 = Release|Any CPU
		{0954284D-1193-4BB2-88D1-EAC760DCCC2C}.GB36|Any CPU.ActiveCfg = Release|Any CPU
		{0954284D-1193-4BB2-88D1-EAC760DCCC2C}.GB36|Any CPU.Build.0 = Release|Any CPU
		{0954284D-1193-4BB2-88D1-EAC760DCCC2C}.GB36|Mixed Platforms.ActiveCfg = Release|Any CPU
		{0954284D-1193-4BB2-88D1-EAC760DCCC2C}.GB36|Mixed Platforms.Build.0 = Release|Any CPU
		{0954284D-1193-4BB2-88D1-EAC760DCCC2C}.GB36|x64.ActiveCfg = Release|Any CPU
		{0954284D-1193-4BB2-88D1-EAC760DCCC2C}.GB36|x64.Build.0 = Release|Any CPU
		{0954284D-1193-4BB2-88D1-EAC760DCCC2C}.GB36|x86.ActiveCfg = Release|Any CPU
		{0954284D-1193-4BB2-88D1-EAC760DCCC2C}.GB36|x86.Build.0 = Release|Any CPU
		{0954284D-1193-4BB2-88D1-EAC760DCCC2C}.GB36DEMO|Any CPU.ActiveCfg = Release|Any CPU
		{0954284D-1193-4BB2-88D1-EAC760DCCC2C}.GB36DEMO|Any CPU.Build.0 = Release|Any CPU
		{0954284D-1193-4BB2-88D1-EAC760DCCC2C}.GB36DEMO|Mixed Platforms.ActiveCfg = Release|Any CPU
		{0954284D-1193-4BB2-88D1-EAC760DCCC2C}.GB36DEMO|Mixed Platforms.Build.0 = Release|Any CPU
		{0954284D-1193-4BB2-88D1-EAC760DCCC2C}.GB36DEMO|x64.ActiveCfg = Release|Any CPU
		{0954284D-1193-4BB2-88D1-EAC760DCCC2C}.GB36DEMO|x64.Build.0 = Release|Any CPU
		{0954284D-1193-4BB2-88D1-EAC760DCCC2C}.GB36DEMO|x86.ActiveCfg = Release|Any CPU
		{0954284D-1193-4BB2-88D1-EAC760DCCC2C}.GB36DEMO|x86.Build.0 = Release|Any CPU
		{0954284D-1193-4BB2-88D1-EAC760DCCC2C}.Jenkins|Any CPU.ActiveCfg = Release|Any CPU
		{0954284D-1193-4BB2-88D1-EAC760DCCC2C}.Jenkins|Any CPU.Build.0 = Release|Any CPU
		{0954284D-1193-4BB2-88D1-EAC760DCCC2C}.Jenkins|Mixed Platforms.ActiveCfg = Release|Any CPU
		{0954284D-1193-4BB2-88D1-EAC760DCCC2C}.Jenkins|Mixed Platforms.Build.0 = Release|Any CPU
		{0954284D-1193-4BB2-88D1-EAC760DCCC2C}.Jenkins|x64.ActiveCfg = Release|Any CPU
		{0954284D-1193-4BB2-88D1-EAC760DCCC2C}.Jenkins|x64.Build.0 = Release|Any CPU
		{0954284D-1193-4BB2-88D1-EAC760DCCC2C}.Jenkins|x86.ActiveCfg = Release|Any CPU
		{0954284D-1193-4BB2-88D1-EAC760DCCC2C}.Jenkins|x86.Build.0 = Release|Any CPU
		{0954284D-1193-4BB2-88D1-EAC760DCCC2C}.Release|Any CPU.ActiveCfg = Release|Any CPU
		{0954284D-1193-4BB2-88D1-EAC760DCCC2C}.Release|Any CPU.Build.0 = Release|Any CPU
		{0954284D-1193-4BB2-88D1-EAC760DCCC2C}.Release|Mixed Platforms.ActiveCfg = Release|Any CPU
		{0954284D-1193-4BB2-88D1-EAC760DCCC2C}.Release|Mixed Platforms.Build.0 = Release|Any CPU
		{0954284D-1193-4BB2-88D1-EAC760DCCC2C}.Release|x64.ActiveCfg = Release|Any CPU
		{0954284D-1193-4BB2-88D1-EAC760DCCC2C}.Release|x64.Build.0 = Release|Any CPU
		{0954284D-1193-4BB2-88D1-EAC760DCCC2C}.Release|x86.ActiveCfg = Release|Any CPU
		{0954284D-1193-4BB2-88D1-EAC760DCCC2C}.Release|x86.Build.0 = Release|Any CPU
		{84947797-99D3-4049-89A7-87DDCEA16834}.Debug|Any CPU.ActiveCfg = Debug|Any CPU
		{84947797-99D3-4049-89A7-87DDCEA16834}.Debug|Any CPU.Build.0 = Debug|Any CPU
		{84947797-99D3-4049-89A7-87DDCEA16834}.Debug|Mixed Platforms.ActiveCfg = Debug|Any CPU
		{84947797-99D3-4049-89A7-87DDCEA16834}.Debug|Mixed Platforms.Build.0 = Debug|Any CPU
		{84947797-99D3-4049-89A7-87DDCEA16834}.Debug|x64.ActiveCfg = Debug|Any CPU
		{84947797-99D3-4049-89A7-87DDCEA16834}.Debug|x64.Build.0 = Debug|Any CPU
		{84947797-99D3-4049-89A7-87DDCEA16834}.Debug|x86.ActiveCfg = Debug|Any CPU
		{84947797-99D3-4049-89A7-87DDCEA16834}.Debug|x86.Build.0 = Debug|Any CPU
		{84947797-99D3-4049-89A7-87DDCEA16834}.Essentuki|Any CPU.ActiveCfg = Release|Any CPU
		{84947797-99D3-4049-89A7-87DDCEA16834}.Essentuki|Any CPU.Build.0 = Release|Any CPU
		{84947797-99D3-4049-89A7-87DDCEA16834}.Essentuki|Mixed Platforms.ActiveCfg = Release|Any CPU
		{84947797-99D3-4049-89A7-87DDCEA16834}.Essentuki|Mixed Platforms.Build.0 = Release|Any CPU
		{84947797-99D3-4049-89A7-87DDCEA16834}.Essentuki|x64.ActiveCfg = Release|Any CPU
		{84947797-99D3-4049-89A7-87DDCEA16834}.Essentuki|x64.Build.0 = Release|Any CPU
		{84947797-99D3-4049-89A7-87DDCEA16834}.Essentuki|x86.ActiveCfg = Release|Any CPU
		{84947797-99D3-4049-89A7-87DDCEA16834}.Essentuki|x86.Build.0 = Release|Any CPU
		{84947797-99D3-4049-89A7-87DDCEA16834}.GB03|Any CPU.ActiveCfg = Release|Any CPU
		{84947797-99D3-4049-89A7-87DDCEA16834}.GB03|Any CPU.Build.0 = Release|Any CPU
		{84947797-99D3-4049-89A7-87DDCEA16834}.GB03|Mixed Platforms.ActiveCfg = Release|Any CPU
		{84947797-99D3-4049-89A7-87DDCEA16834}.GB03|Mixed Platforms.Build.0 = Release|Any CPU
		{84947797-99D3-4049-89A7-87DDCEA16834}.GB03|x64.ActiveCfg = Release|Any CPU
		{84947797-99D3-4049-89A7-87DDCEA16834}.GB03|x64.Build.0 = Release|Any CPU
		{84947797-99D3-4049-89A7-87DDCEA16834}.GB03|x86.ActiveCfg = Release|Any CPU
		{84947797-99D3-4049-89A7-87DDCEA16834}.GB03|x86.Build.0 = Release|Any CPU
		{84947797-99D3-4049-89A7-87DDCEA16834}.GB04|Any CPU.ActiveCfg = Release|Any CPU
		{84947797-99D3-4049-89A7-87DDCEA16834}.GB04|Any CPU.Build.0 = Release|Any CPU
		{84947797-99D3-4049-89A7-87DDCEA16834}.GB04|Mixed Platforms.ActiveCfg = Release|Any CPU
		{84947797-99D3-4049-89A7-87DDCEA16834}.GB04|Mixed Platforms.Build.0 = Release|Any CPU
		{84947797-99D3-4049-89A7-87DDCEA16834}.GB04|x64.ActiveCfg = Release|Any CPU
		{84947797-99D3-4049-89A7-87DDCEA16834}.GB04|x64.Build.0 = Release|Any CPU
		{84947797-99D3-4049-89A7-87DDCEA16834}.GB04|x86.ActiveCfg = Release|Any CPU
		{84947797-99D3-4049-89A7-87DDCEA16834}.GB04|x86.Build.0 = Release|Any CPU
		{84947797-99D3-4049-89A7-87DDCEA16834}.GB06|Any CPU.ActiveCfg = Release|Any CPU
		{84947797-99D3-4049-89A7-87DDCEA16834}.GB06|Any CPU.Build.0 = Release|Any CPU
		{84947797-99D3-4049-89A7-87DDCEA16834}.GB06|Mixed Platforms.ActiveCfg = Release|Any CPU
		{84947797-99D3-4049-89A7-87DDCEA16834}.GB06|Mixed Platforms.Build.0 = Release|Any CPU
		{84947797-99D3-4049-89A7-87DDCEA16834}.GB06|x64.ActiveCfg = Release|Any CPU
		{84947797-99D3-4049-89A7-87DDCEA16834}.GB06|x64.Build.0 = Release|Any CPU
		{84947797-99D3-4049-89A7-87DDCEA16834}.GB06|x86.ActiveCfg = Release|Any CPU
		{84947797-99D3-4049-89A7-87DDCEA16834}.GB06|x86.Build.0 = Release|Any CPU
		{84947797-99D3-4049-89A7-87DDCEA16834}.GB23|Any CPU.ActiveCfg = Release|Any CPU
		{84947797-99D3-4049-89A7-87DDCEA16834}.GB23|Any CPU.Build.0 = Release|Any CPU
		{84947797-99D3-4049-89A7-87DDCEA16834}.GB23|Mixed Platforms.ActiveCfg = Release|Any CPU
		{84947797-99D3-4049-89A7-87DDCEA16834}.GB23|Mixed Platforms.Build.0 = Release|Any CPU
		{84947797-99D3-4049-89A7-87DDCEA16834}.GB23|x64.ActiveCfg = Release|Any CPU
		{84947797-99D3-4049-89A7-87DDCEA16834}.GB23|x64.Build.0 = Release|Any CPU
		{84947797-99D3-4049-89A7-87DDCEA16834}.GB23|x86.ActiveCfg = Release|Any CPU
		{84947797-99D3-4049-89A7-87DDCEA16834}.GB23|x86.Build.0 = Release|Any CPU
		{84947797-99D3-4049-89A7-87DDCEA16834}.GB33|Any CPU.ActiveCfg = Release|Any CPU
		{84947797-99D3-4049-89A7-87DDCEA16834}.GB33|Any CPU.Build.0 = Release|Any CPU
		{84947797-99D3-4049-89A7-87DDCEA16834}.GB33|Mixed Platforms.ActiveCfg = Release|Any CPU
		{84947797-99D3-4049-89A7-87DDCEA16834}.GB33|Mixed Platforms.Build.0 = Release|Any CPU
		{84947797-99D3-4049-89A7-87DDCEA16834}.GB33|x64.ActiveCfg = Release|Any CPU
		{84947797-99D3-4049-89A7-87DDCEA16834}.GB33|x64.Build.0 = Release|Any CPU
		{84947797-99D3-4049-89A7-87DDCEA16834}.GB33|x86.ActiveCfg = Release|Any CPU
		{84947797-99D3-4049-89A7-87DDCEA16834}.GB33|x86.Build.0 = Release|Any CPU
		{84947797-99D3-4049-89A7-87DDCEA16834}.GB36|Any CPU.ActiveCfg = Release|Any CPU
		{84947797-99D3-4049-89A7-87DDCEA16834}.GB36|Any CPU.Build.0 = Release|Any CPU
		{84947797-99D3-4049-89A7-87DDCEA16834}.GB36|Mixed Platforms.ActiveCfg = Release|Any CPU
		{84947797-99D3-4049-89A7-87DDCEA16834}.GB36|Mixed Platforms.Build.0 = Release|Any CPU
		{84947797-99D3-4049-89A7-87DDCEA16834}.GB36|x64.ActiveCfg = Release|Any CPU
		{84947797-99D3-4049-89A7-87DDCEA16834}.GB36|x64.Build.0 = Release|Any CPU
		{84947797-99D3-4049-89A7-87DDCEA16834}.GB36|x86.ActiveCfg = Release|Any CPU
		{84947797-99D3-4049-89A7-87DDCEA16834}.GB36|x86.Build.0 = Release|Any CPU
		{84947797-99D3-4049-89A7-87DDCEA16834}.GB36DEMO|Any CPU.ActiveCfg = Release|Any CPU
		{84947797-99D3-4049-89A7-87DDCEA16834}.GB36DEMO|Any CPU.Build.0 = Release|Any CPU
		{84947797-99D3-4049-89A7-87DDCEA16834}.GB36DEMO|Mixed Platforms.ActiveCfg = Release|Any CPU
		{84947797-99D3-4049-89A7-87DDCEA16834}.GB36DEMO|Mixed Platforms.Build.0 = Release|Any CPU
		{84947797-99D3-4049-89A7-87DDCEA16834}.GB36DEMO|x64.ActiveCfg = Release|Any CPU
		{84947797-99D3-4049-89A7-87DDCEA16834}.GB36DEMO|x64.Build.0 = Release|Any CPU
		{84947797-99D3-4049-89A7-87DDCEA16834}.GB36DEMO|x86.ActiveCfg = Release|Any CPU
		{84947797-99D3-4049-89A7-87DDCEA16834}.GB36DEMO|x86.Build.0 = Release|Any CPU
		{84947797-99D3-4049-89A7-87DDCEA16834}.Jenkins|Any CPU.ActiveCfg = Release|Any CPU
		{84947797-99D3-4049-89A7-87DDCEA16834}.Jenkins|Any CPU.Build.0 = Release|Any CPU
		{84947797-99D3-4049-89A7-87DDCEA16834}.Jenkins|Mixed Platforms.ActiveCfg = Release|Any CPU
		{84947797-99D3-4049-89A7-87DDCEA16834}.Jenkins|Mixed Platforms.Build.0 = Release|Any CPU
		{84947797-99D3-4049-89A7-87DDCEA16834}.Jenkins|x64.ActiveCfg = Release|Any CPU
		{84947797-99D3-4049-89A7-87DDCEA16834}.Jenkins|x64.Build.0 = Release|Any CPU
		{84947797-99D3-4049-89A7-87DDCEA16834}.Jenkins|x86.ActiveCfg = Release|Any CPU
		{84947797-99D3-4049-89A7-87DDCEA16834}.Jenkins|x86.Build.0 = Release|Any CPU
		{84947797-99D3-4049-89A7-87DDCEA16834}.Release|Any CPU.ActiveCfg = Release|Any CPU
		{84947797-99D3-4049-89A7-87DDCEA16834}.Release|Any CPU.Build.0 = Release|Any CPU
		{84947797-99D3-4049-89A7-87DDCEA16834}.Release|Mixed Platforms.ActiveCfg = Release|Any CPU
		{84947797-99D3-4049-89A7-87DDCEA16834}.Release|Mixed Platforms.Build.0 = Release|Any CPU
		{84947797-99D3-4049-89A7-87DDCEA16834}.Release|x64.ActiveCfg = Release|Any CPU
		{84947797-99D3-4049-89A7-87DDCEA16834}.Release|x64.Build.0 = Release|Any CPU
		{84947797-99D3-4049-89A7-87DDCEA16834}.Release|x86.ActiveCfg = Release|Any CPU
		{84947797-99D3-4049-89A7-87DDCEA16834}.Release|x86.Build.0 = Release|Any CPU
		{6AD49716-0E67-4C3B-86C2-25D47B1201B6}.Debug|Any CPU.ActiveCfg = Debug|Any CPU
		{6AD49716-0E67-4C3B-86C2-25D47B1201B6}.Debug|Any CPU.Build.0 = Debug|Any CPU
		{6AD49716-0E67-4C3B-86C2-25D47B1201B6}.Debug|Mixed Platforms.ActiveCfg = Debug|Any CPU
		{6AD49716-0E67-4C3B-86C2-25D47B1201B6}.Debug|Mixed Platforms.Build.0 = Debug|Any CPU
		{6AD49716-0E67-4C3B-86C2-25D47B1201B6}.Debug|x64.ActiveCfg = Debug|Any CPU
		{6AD49716-0E67-4C3B-86C2-25D47B1201B6}.Debug|x64.Build.0 = Debug|Any CPU
		{6AD49716-0E67-4C3B-86C2-25D47B1201B6}.Debug|x86.ActiveCfg = Debug|Any CPU
		{6AD49716-0E67-4C3B-86C2-25D47B1201B6}.Debug|x86.Build.0 = Debug|Any CPU
		{6AD49716-0E67-4C3B-86C2-25D47B1201B6}.Essentuki|Any CPU.ActiveCfg = Release|Any CPU
		{6AD49716-0E67-4C3B-86C2-25D47B1201B6}.Essentuki|Any CPU.Build.0 = Release|Any CPU
		{6AD49716-0E67-4C3B-86C2-25D47B1201B6}.Essentuki|Mixed Platforms.ActiveCfg = Release|Any CPU
		{6AD49716-0E67-4C3B-86C2-25D47B1201B6}.Essentuki|Mixed Platforms.Build.0 = Release|Any CPU
		{6AD49716-0E67-4C3B-86C2-25D47B1201B6}.Essentuki|x64.ActiveCfg = Release|Any CPU
		{6AD49716-0E67-4C3B-86C2-25D47B1201B6}.Essentuki|x64.Build.0 = Release|Any CPU
		{6AD49716-0E67-4C3B-86C2-25D47B1201B6}.Essentuki|x86.ActiveCfg = Release|Any CPU
		{6AD49716-0E67-4C3B-86C2-25D47B1201B6}.Essentuki|x86.Build.0 = Release|Any CPU
		{6AD49716-0E67-4C3B-86C2-25D47B1201B6}.GB03|Any CPU.ActiveCfg = Release|Any CPU
		{6AD49716-0E67-4C3B-86C2-25D47B1201B6}.GB03|Any CPU.Build.0 = Release|Any CPU
		{6AD49716-0E67-4C3B-86C2-25D47B1201B6}.GB03|Mixed Platforms.ActiveCfg = Release|Any CPU
		{6AD49716-0E67-4C3B-86C2-25D47B1201B6}.GB03|Mixed Platforms.Build.0 = Release|Any CPU
		{6AD49716-0E67-4C3B-86C2-25D47B1201B6}.GB03|x64.ActiveCfg = Release|Any CPU
		{6AD49716-0E67-4C3B-86C2-25D47B1201B6}.GB03|x64.Build.0 = Release|Any CPU
		{6AD49716-0E67-4C3B-86C2-25D47B1201B6}.GB03|x86.ActiveCfg = Release|Any CPU
		{6AD49716-0E67-4C3B-86C2-25D47B1201B6}.GB03|x86.Build.0 = Release|Any CPU
		{6AD49716-0E67-4C3B-86C2-25D47B1201B6}.GB04|Any CPU.ActiveCfg = Release|Any CPU
		{6AD49716-0E67-4C3B-86C2-25D47B1201B6}.GB04|Any CPU.Build.0 = Release|Any CPU
		{6AD49716-0E67-4C3B-86C2-25D47B1201B6}.GB04|Mixed Platforms.ActiveCfg = Release|Any CPU
		{6AD49716-0E67-4C3B-86C2-25D47B1201B6}.GB04|Mixed Platforms.Build.0 = Release|Any CPU
		{6AD49716-0E67-4C3B-86C2-25D47B1201B6}.GB04|x64.ActiveCfg = Release|Any CPU
		{6AD49716-0E67-4C3B-86C2-25D47B1201B6}.GB04|x64.Build.0 = Release|Any CPU
		{6AD49716-0E67-4C3B-86C2-25D47B1201B6}.GB04|x86.ActiveCfg = Release|Any CPU
		{6AD49716-0E67-4C3B-86C2-25D47B1201B6}.GB04|x86.Build.0 = Release|Any CPU
		{6AD49716-0E67-4C3B-86C2-25D47B1201B6}.GB06|Any CPU.ActiveCfg = Release|Any CPU
		{6AD49716-0E67-4C3B-86C2-25D47B1201B6}.GB06|Any CPU.Build.0 = Release|Any CPU
		{6AD49716-0E67-4C3B-86C2-25D47B1201B6}.GB06|Mixed Platforms.ActiveCfg = Release|Any CPU
		{6AD49716-0E67-4C3B-86C2-25D47B1201B6}.GB06|Mixed Platforms.Build.0 = Release|Any CPU
		{6AD49716-0E67-4C3B-86C2-25D47B1201B6}.GB06|x64.ActiveCfg = Release|Any CPU
		{6AD49716-0E67-4C3B-86C2-25D47B1201B6}.GB06|x64.Build.0 = Release|Any CPU
		{6AD49716-0E67-4C3B-86C2-25D47B1201B6}.GB06|x86.ActiveCfg = Release|Any CPU
		{6AD49716-0E67-4C3B-86C2-25D47B1201B6}.GB06|x86.Build.0 = Release|Any CPU
		{6AD49716-0E67-4C3B-86C2-25D47B1201B6}.GB23|Any CPU.ActiveCfg = Release|Any CPU
		{6AD49716-0E67-4C3B-86C2-25D47B1201B6}.GB23|Any CPU.Build.0 = Release|Any CPU
		{6AD49716-0E67-4C3B-86C2-25D47B1201B6}.GB23|Mixed Platforms.ActiveCfg = Release|Any CPU
		{6AD49716-0E67-4C3B-86C2-25D47B1201B6}.GB23|Mixed Platforms.Build.0 = Release|Any CPU
		{6AD49716-0E67-4C3B-86C2-25D47B1201B6}.GB23|x64.ActiveCfg = Release|Any CPU
		{6AD49716-0E67-4C3B-86C2-25D47B1201B6}.GB23|x64.Build.0 = Release|Any CPU
		{6AD49716-0E67-4C3B-86C2-25D47B1201B6}.GB23|x86.ActiveCfg = Release|Any CPU
		{6AD49716-0E67-4C3B-86C2-25D47B1201B6}.GB23|x86.Build.0 = Release|Any CPU
		{6AD49716-0E67-4C3B-86C2-25D47B1201B6}.GB33|Any CPU.ActiveCfg = Release|Any CPU
		{6AD49716-0E67-4C3B-86C2-25D47B1201B6}.GB33|Any CPU.Build.0 = Release|Any CPU
		{6AD49716-0E67-4C3B-86C2-25D47B1201B6}.GB33|Mixed Platforms.ActiveCfg = Release|Any CPU
		{6AD49716-0E67-4C3B-86C2-25D47B1201B6}.GB33|Mixed Platforms.Build.0 = Release|Any CPU
		{6AD49716-0E67-4C3B-86C2-25D47B1201B6}.GB33|x64.ActiveCfg = Release|Any CPU
		{6AD49716-0E67-4C3B-86C2-25D47B1201B6}.GB33|x64.Build.0 = Release|Any CPU
		{6AD49716-0E67-4C3B-86C2-25D47B1201B6}.GB33|x86.ActiveCfg = Release|Any CPU
		{6AD49716-0E67-4C3B-86C2-25D47B1201B6}.GB33|x86.Build.0 = Release|Any CPU
		{6AD49716-0E67-4C3B-86C2-25D47B1201B6}.GB36|Any CPU.ActiveCfg = Release|Any CPU
		{6AD49716-0E67-4C3B-86C2-25D47B1201B6}.GB36|Any CPU.Build.0 = Release|Any CPU
		{6AD49716-0E67-4C3B-86C2-25D47B1201B6}.GB36|Mixed Platforms.ActiveCfg = Release|Any CPU
		{6AD49716-0E67-4C3B-86C2-25D47B1201B6}.GB36|Mixed Platforms.Build.0 = Release|Any CPU
		{6AD49716-0E67-4C3B-86C2-25D47B1201B6}.GB36|x64.ActiveCfg = Release|Any CPU
		{6AD49716-0E67-4C3B-86C2-25D47B1201B6}.GB36|x64.Build.0 = Release|Any CPU
		{6AD49716-0E67-4C3B-86C2-25D47B1201B6}.GB36|x86.ActiveCfg = Release|Any CPU
		{6AD49716-0E67-4C3B-86C2-25D47B1201B6}.GB36|x86.Build.0 = Release|Any CPU
		{6AD49716-0E67-4C3B-86C2-25D47B1201B6}.GB36DEMO|Any CPU.ActiveCfg = Release|Any CPU
		{6AD49716-0E67-4C3B-86C2-25D47B1201B6}.GB36DEMO|Any CPU.Build.0 = Release|Any CPU
		{6AD49716-0E67-4C3B-86C2-25D47B1201B6}.GB36DEMO|Mixed Platforms.ActiveCfg = Release|Any CPU
		{6AD49716-0E67-4C3B-86C2-25D47B1201B6}.GB36DEMO|Mixed Platforms.Build.0 = Release|Any CPU
		{6AD49716-0E67-4C3B-86C2-25D47B1201B6}.GB36DEMO|x64.ActiveCfg = Release|Any CPU
		{6AD49716-0E67-4C3B-86C2-25D47B1201B6}.GB36DEMO|x64.Build.0 = Release|Any CPU
		{6AD49716-0E67-4C3B-86C2-25D47B1201B6}.GB36DEMO|x86.ActiveCfg = Release|Any CPU
		{6AD49716-0E67-4C3B-86C2-25D47B1201B6}.GB36DEMO|x86.Build.0 = Release|Any CPU
		{6AD49716-0E67-4C3B-86C2-25D47B1201B6}.Jenkins|Any CPU.ActiveCfg = Release|Any CPU
		{6AD49716-0E67-4C3B-86C2-25D47B1201B6}.Jenkins|Any CPU.Build.0 = Release|Any CPU
		{6AD49716-0E67-4C3B-86C2-25D47B1201B6}.Jenkins|Mixed Platforms.ActiveCfg = Release|Any CPU
		{6AD49716-0E67-4C3B-86C2-25D47B1201B6}.Jenkins|Mixed Platforms.Build.0 = Release|Any CPU
		{6AD49716-0E67-4C3B-86C2-25D47B1201B6}.Jenkins|x64.ActiveCfg = Release|Any CPU
		{6AD49716-0E67-4C3B-86C2-25D47B1201B6}.Jenkins|x64.Build.0 = Release|Any CPU
		{6AD49716-0E67-4C3B-86C2-25D47B1201B6}.Jenkins|x86.ActiveCfg = Release|Any CPU
		{6AD49716-0E67-4C3B-86C2-25D47B1201B6}.Jenkins|x86.Build.0 = Release|Any CPU
		{6AD49716-0E67-4C3B-86C2-25D47B1201B6}.Release|Any CPU.ActiveCfg = Release|Any CPU
		{6AD49716-0E67-4C3B-86C2-25D47B1201B6}.Release|Any CPU.Build.0 = Release|Any CPU
		{6AD49716-0E67-4C3B-86C2-25D47B1201B6}.Release|Mixed Platforms.ActiveCfg = Release|Any CPU
		{6AD49716-0E67-4C3B-86C2-25D47B1201B6}.Release|Mixed Platforms.Build.0 = Release|Any CPU
		{6AD49716-0E67-4C3B-86C2-25D47B1201B6}.Release|x64.ActiveCfg = Release|Any CPU
		{6AD49716-0E67-4C3B-86C2-25D47B1201B6}.Release|x64.Build.0 = Release|Any CPU
		{6AD49716-0E67-4C3B-86C2-25D47B1201B6}.Release|x86.ActiveCfg = Release|Any CPU
		{6AD49716-0E67-4C3B-86C2-25D47B1201B6}.Release|x86.Build.0 = Release|Any CPU
	EndGlobalSection
	GlobalSection(SolutionProperties) = preSolution
		HideSolutionNode = FALSE
	EndGlobalSection
EndGlobal
